{
  "name": "trip-planner",
  "lockfileVersion": 3,
  "requires": true,
  "packages": {
    "": {
      "dependencies": {
        "ollama-sdk": "^1.0.0"
      }
    },
    "node_modules/ollama-sdk": {
      "version": "1.0.0",
      "resolved": "https://registry.npmjs.org/ollama-sdk/-/ollama-sdk-1.0.0.tgz",
      "integrity": "sha512-Rb9lIGwjIX727Z9/bq+VG2MwDsEFajfUe4bBI8+u4NwsNp9j0RCwPgXM2p/s7YaQw2DA39VvsnjwWvmIFDeq4A==",
      "license": "MIT"
    }
  }
}
